// !$*UTF8*$!
{
	archiveVersion = 1;
	classes = {
	};
	objectVersion = 56;
	objects = {

/* Begin PBXBuildFile section */
		DE294F5A2C0F4484004C4531 /* LaunchViewController.swift in Sources */ = {isa = PBXBuildFile; fileRef = DE294F592C0F4484004C4531 /* LaunchViewController.swift */; };
		DE294F5C2C0F448E004C4531 /* LaunchInteractor.swift in Sources */ = {isa = PBXBuildFile; fileRef = DE294F5B2C0F448E004C4531 /* LaunchInteractor.swift */; };
		DE294F5E2C0F4886004C4531 /* LaunchPresenter.swift in Sources */ = {isa = PBXBuildFile; fileRef = DE294F5D2C0F4886004C4531 /* LaunchPresenter.swift */; };
		DE294F612C0F48B8004C4531 /* LaunchRouter.swift in Sources */ = {isa = PBXBuildFile; fileRef = DE294F602C0F48B8004C4531 /* LaunchRouter.swift */; };
		DE294F642C0F49A4004C4531 /* LaunchCell.swift in Sources */ = {isa = PBXBuildFile; fileRef = DE294F632C0F49A4004C4531 /* LaunchCell.swift */; };
		DE52A7F62C111BFD00ADF618 /* HomeViewController.swift in Sources */ = {isa = PBXBuildFile; fileRef = DE52A7F52C111BFD00ADF618 /* HomeViewController.swift */; };
		DE52A7F82C111C0A00ADF618 /* HomePresenter.swift in Sources */ = {isa = PBXBuildFile; fileRef = DE52A7F72C111C0A00ADF618 /* HomePresenter.swift */; };
		DE52A7FB2C111C3300ADF618 /* HomeInteractor.swift in Sources */ = {isa = PBXBuildFile; fileRef = DE52A7FA2C111C3300ADF618 /* HomeInteractor.swift */; };
		DE52A7FD2C111C3900ADF618 /* HomeRouter.swift in Sources */ = {isa = PBXBuildFile; fileRef = DE52A7FC2C111C3900ADF618 /* HomeRouter.swift */; };
		DE52A7FF2C111C5000ADF618 /* HomeEntity.swift in Sources */ = {isa = PBXBuildFile; fileRef = DE52A7FE2C111C5000ADF618 /* HomeEntity.swift */; };
		DE52A8032C1120F900ADF618 /* SearchRepository.swift in Sources */ = {isa = PBXBuildFile; fileRef = DE52A8022C1120F900ADF618 /* SearchRepository.swift */; };
		DE52A8062C112B8800ADF618 /* SearchCell.swift in Sources */ = {isa = PBXBuildFile; fileRef = DE52A8052C112B8800ADF618 /* SearchCell.swift */; };
		DE52A8092C11373B00ADF618 /* ServiceManager.swift in Sources */ = {isa = PBXBuildFile; fileRef = DE52A8082C11373B00ADF618 /* ServiceManager.swift */; };
		DE52A80C2C11376100ADF618 /* Word.swift in Sources */ = {isa = PBXBuildFile; fileRef = DE52A80B2C11376100ADF618 /* Word.swift */; };
		DE9666542C186C9C009D878D /* StringExtension.swift in Sources */ = {isa = PBXBuildFile; fileRef = DE9666532C186C9C009D878D /* StringExtension.swift */; };
		DE9D3A7F2C19F75900DA3694 /* UIView + AddShadow.swift in Sources */ = {isa = PBXBuildFile; fileRef = DE9D3A7E2C19F75900DA3694 /* UIView + AddShadow.swift */; };
		DE9D3A822C1A049800DA3694 /* DetailViewFactory.swift in Sources */ = {isa = PBXBuildFile; fileRef = DE9D3A812C1A049800DA3694 /* DetailViewFactory.swift */; };
		DE9D3A852C1A456B00DA3694 /* MockHomeViewController.swift in Sources */ = {isa = PBXBuildFile; fileRef = DE9D3A842C1A456B00DA3694 /* MockHomeViewController.swift */; };
		DE9D3A872C1A476200DA3694 /* MockInteractor.swift in Sources */ = {isa = PBXBuildFile; fileRef = DE9D3A862C1A476200DA3694 /* MockInteractor.swift */; };
		DE9D3A892C1A4D3B00DA3694 /* MockHomePresenterTest.swift in Sources */ = {isa = PBXBuildFile; fileRef = DE9D3A882C1A4D3B00DA3694 /* MockHomePresenterTest.swift */; };
		DE9D3A8B2C1A4DC500DA3694 /* MockHomeRouter.swift in Sources */ = {isa = PBXBuildFile; fileRef = DE9D3A8A2C1A4DC500DA3694 /* MockHomeRouter.swift */; };
		DE9D3A8F2C1A50AD00DA3694 /* WordMock.json in Resources */ = {isa = PBXBuildFile; fileRef = DE9D3A8E2C1A50AD00DA3694 /* WordMock.json */; };
		DE9EB2F92C13245400999FA3 /* SynonymCell.swift in Sources */ = {isa = PBXBuildFile; fileRef = DE9EB2F82C13245400999FA3 /* SynonymCell.swift */; };
		DE9EB2FB2C1329EB00999FA3 /* MeaningCell.swift in Sources */ = {isa = PBXBuildFile; fileRef = DE9EB2FA2C1329EB00999FA3 /* MeaningCell.swift */; };
		DE9EB2FD2C133AEC00999FA3 /* InfoCell.swift in Sources */ = {isa = PBXBuildFile; fileRef = DE9EB2FC2C133AEC00999FA3 /* InfoCell.swift */; };
		DEA1BB2C2C120B6D0025FFD6 /* BaseViewController.swift in Sources */ = {isa = PBXBuildFile; fileRef = DEA1BB2B2C120B6D0025FFD6 /* BaseViewController.swift */; };
		DEA1BB302C120BB40025FFD6 /* LoadingShowable.swift in Sources */ = {isa = PBXBuildFile; fileRef = DEA1BB2F2C120BB40025FFD6 /* LoadingShowable.swift */; };
		DEA1BB332C120BED0025FFD6 /* LoadingView.swift in Sources */ = {isa = PBXBuildFile; fileRef = DEA1BB322C120BED0025FFD6 /* LoadingView.swift */; };
		DEA1BB352C1224A70025FFD6 /* DetailViewController.swift in Sources */ = {isa = PBXBuildFile; fileRef = DEA1BB342C1224A70025FFD6 /* DetailViewController.swift */; };
		DEA1BB372C1224B30025FFD6 /* DetailInteractor.swift in Sources */ = {isa = PBXBuildFile; fileRef = DEA1BB362C1224B30025FFD6 /* DetailInteractor.swift */; };
		DEA1BB392C1224BD0025FFD6 /* DetailPresenter.swift in Sources */ = {isa = PBXBuildFile; fileRef = DEA1BB382C1224BD0025FFD6 /* DetailPresenter.swift */; };
		DEA1BB3B2C1224C60025FFD6 /* DetailRouter.swift in Sources */ = {isa = PBXBuildFile; fileRef = DEA1BB3A2C1224C60025FFD6 /* DetailRouter.swift */; };
		DEA1BB3D2C123E590025FFD6 /* Synonym.swift in Sources */ = {isa = PBXBuildFile; fileRef = DEA1BB3C2C123E590025FFD6 /* Synonym.swift */; };
		DEA587E72C17B1D4005A1D68 /* InfoCellPresenter.swift in Sources */ = {isa = PBXBuildFile; fileRef = DEA587E62C17B1D4005A1D68 /* InfoCellPresenter.swift */; };
		DEB3CF9B2C08D7B900002729 /* AppDelegate.swift in Sources */ = {isa = PBXBuildFile; fileRef = DEB3CF9A2C08D7B900002729 /* AppDelegate.swift */; };
		DEB3CF9D2C08D7B900002729 /* SceneDelegate.swift in Sources */ = {isa = PBXBuildFile; fileRef = DEB3CF9C2C08D7B900002729 /* SceneDelegate.swift */; };
		DEB3CF9F2C08D7B900002729 /* ViewController.swift in Sources */ = {isa = PBXBuildFile; fileRef = DEB3CF9E2C08D7B900002729 /* ViewController.swift */; };
		DEB3CFA22C08D7B900002729 /* Base in Resources */ = {isa = PBXBuildFile; fileRef = DEB3CFA12C08D7B900002729 /* Base */; };
		DEB3CFA52C08D7B900002729 /* TurkcellFinal.xcdatamodeld in Sources */ = {isa = PBXBuildFile; fileRef = DEB3CFA32C08D7B900002729 /* TurkcellFinal.xcdatamodeld */; };
		DEB3CFA72C08D7BB00002729 /* Assets.xcassets in Resources */ = {isa = PBXBuildFile; fileRef = DEB3CFA62C08D7BB00002729 /* Assets.xcassets */; };
		DEB3CFAA2C08D7BB00002729 /* Base in Resources */ = {isa = PBXBuildFile; fileRef = DEB3CFA92C08D7BB00002729 /* Base */; };
		DEB3CFB52C08D7BB00002729 /* TurkcellFinalTests.swift in Sources */ = {isa = PBXBuildFile; fileRef = DEB3CFB42C08D7BB00002729 /* TurkcellFinalTests.swift */; };
		DEB3CFBF2C08D7BB00002729 /* TurkcellFinalUITests.swift in Sources */ = {isa = PBXBuildFile; fileRef = DEB3CFBE2C08D7BB00002729 /* TurkcellFinalUITests.swift */; };
		DEB3CFC12C08D7BB00002729 /* TurkcellFinalUITestsLaunchTests.swift in Sources */ = {isa = PBXBuildFile; fileRef = DEB3CFC02C08D7BB00002729 /* TurkcellFinalUITestsLaunchTests.swift */; };
		DEB3CFD32C08DD9300002729 /* SplashViewController.swift in Sources */ = {isa = PBXBuildFile; fileRef = DEB3CFD22C08DD9300002729 /* SplashViewController.swift */; };
		DEB3CFD52C08DDA700002729 /* SplashRouter.swift in Sources */ = {isa = PBXBuildFile; fileRef = DEB3CFD42C08DDA700002729 /* SplashRouter.swift */; };
		DEB3CFD82C08DDB600002729 /* SplashPresenter.swift in Sources */ = {isa = PBXBuildFile; fileRef = DEB3CFD72C08DDB600002729 /* SplashPresenter.swift */; };
		DEB3CFDA2C08DDC400002729 /* SplashInteractor.swift in Sources */ = {isa = PBXBuildFile; fileRef = DEB3CFD92C08DDC400002729 /* SplashInteractor.swift */; };
		DEB3CFDC2C08DFEC00002729 /* Reachability.swift in Sources */ = {isa = PBXBuildFile; fileRef = DEB3CFDB2C08DFEC00002729 /* Reachability.swift */; };
		DEB3CFDE2C08E13700002729 /* NetworkManager.swift in Sources */ = {isa = PBXBuildFile; fileRef = DEB3CFDD2C08E13700002729 /* NetworkManager.swift */; };
		DEB3CFE02C08E4B600002729 /* API.swift in Sources */ = {isa = PBXBuildFile; fileRef = DEB3CFDF2C08E4B600002729 /* API.swift */; };
/* End PBXBuildFile section */

/* Begin PBXContainerItemProxy section */
		DEB3CFB12C08D7BB00002729 /* PBXContainerItemProxy */ = {
			isa = PBXContainerItemProxy;
			containerPortal = DEB3CF8F2C08D7B900002729 /* Project object */;
			proxyType = 1;
			remoteGlobalIDString = DEB3CF962C08D7B900002729;
			remoteInfo = TurkcellFinal;
		};
		DEB3CFBB2C08D7BB00002729 /* PBXContainerItemProxy */ = {
			isa = PBXContainerItemProxy;
			containerPortal = DEB3CF8F2C08D7B900002729 /* Project object */;
			proxyType = 1;
			remoteGlobalIDString = DEB3CF962C08D7B900002729;
			remoteInfo = TurkcellFinal;
		};
/* End PBXContainerItemProxy section */

/* Begin PBXFileReference section */
		DE294F592C0F4484004C4531 /* LaunchViewController.swift */ = {isa = PBXFileReference; lastKnownFileType = sourcecode.swift; path = LaunchViewController.swift; sourceTree = "<group>"; };
		DE294F5B2C0F448E004C4531 /* LaunchInteractor.swift */ = {isa = PBXFileReference; lastKnownFileType = sourcecode.swift; path = LaunchInteractor.swift; sourceTree = "<group>"; };
		DE294F5D2C0F4886004C4531 /* LaunchPresenter.swift */ = {isa = PBXFileReference; lastKnownFileType = sourcecode.swift; path = LaunchPresenter.swift; sourceTree = "<group>"; };
		DE294F602C0F48B8004C4531 /* LaunchRouter.swift */ = {isa = PBXFileReference; lastKnownFileType = sourcecode.swift; path = LaunchRouter.swift; sourceTree = "<group>"; };
		DE294F632C0F49A4004C4531 /* LaunchCell.swift */ = {isa = PBXFileReference; lastKnownFileType = sourcecode.swift; path = LaunchCell.swift; sourceTree = "<group>"; };
		DE52A7F52C111BFD00ADF618 /* HomeViewController.swift */ = {isa = PBXFileReference; lastKnownFileType = sourcecode.swift; path = HomeViewController.swift; sourceTree = "<group>"; };
		DE52A7F72C111C0A00ADF618 /* HomePresenter.swift */ = {isa = PBXFileReference; lastKnownFileType = sourcecode.swift; path = HomePresenter.swift; sourceTree = "<group>"; };
		DE52A7FA2C111C3300ADF618 /* HomeInteractor.swift */ = {isa = PBXFileReference; lastKnownFileType = sourcecode.swift; path = HomeInteractor.swift; sourceTree = "<group>"; };
		DE52A7FC2C111C3900ADF618 /* HomeRouter.swift */ = {isa = PBXFileReference; lastKnownFileType = sourcecode.swift; path = HomeRouter.swift; sourceTree = "<group>"; };
		DE52A7FE2C111C5000ADF618 /* HomeEntity.swift */ = {isa = PBXFileReference; lastKnownFileType = sourcecode.swift; path = HomeEntity.swift; sourceTree = "<group>"; };
		DE52A8022C1120F900ADF618 /* SearchRepository.swift */ = {isa = PBXFileReference; lastKnownFileType = sourcecode.swift; path = SearchRepository.swift; sourceTree = "<group>"; };
		DE52A8052C112B8800ADF618 /* SearchCell.swift */ = {isa = PBXFileReference; lastKnownFileType = sourcecode.swift; path = SearchCell.swift; sourceTree = "<group>"; };
		DE52A8082C11373B00ADF618 /* ServiceManager.swift */ = {isa = PBXFileReference; lastKnownFileType = sourcecode.swift; path = ServiceManager.swift; sourceTree = "<group>"; };
		DE52A80B2C11376100ADF618 /* Word.swift */ = {isa = PBXFileReference; lastKnownFileType = sourcecode.swift; path = Word.swift; sourceTree = "<group>"; };
		DE9666532C186C9C009D878D /* StringExtension.swift */ = {isa = PBXFileReference; lastKnownFileType = sourcecode.swift; path = StringExtension.swift; sourceTree = "<group>"; };
		DE9D3A7E2C19F75900DA3694 /* UIView + AddShadow.swift */ = {isa = PBXFileReference; lastKnownFileType = sourcecode.swift; path = "UIView + AddShadow.swift"; sourceTree = "<group>"; };
		DE9D3A812C1A049800DA3694 /* DetailViewFactory.swift */ = {isa = PBXFileReference; lastKnownFileType = sourcecode.swift; path = DetailViewFactory.swift; sourceTree = "<group>"; };
		DE9D3A842C1A456B00DA3694 /* MockHomeViewController.swift */ = {isa = PBXFileReference; lastKnownFileType = sourcecode.swift; path = MockHomeViewController.swift; sourceTree = "<group>"; };
		DE9D3A862C1A476200DA3694 /* MockInteractor.swift */ = {isa = PBXFileReference; lastKnownFileType = sourcecode.swift; path = MockInteractor.swift; sourceTree = "<group>"; };
		DE9D3A882C1A4D3B00DA3694 /* MockHomePresenterTest.swift */ = {isa = PBXFileReference; lastKnownFileType = sourcecode.swift; path = MockHomePresenterTest.swift; sourceTree = "<group>"; };
		DE9D3A8A2C1A4DC500DA3694 /* MockHomeRouter.swift */ = {isa = PBXFileReference; lastKnownFileType = sourcecode.swift; path = MockHomeRouter.swift; sourceTree = "<group>"; };
		DE9D3A8E2C1A50AD00DA3694 /* WordMock.json */ = {isa = PBXFileReference; lastKnownFileType = text.json; path = WordMock.json; sourceTree = "<group>"; };
		DE9EB2F82C13245400999FA3 /* SynonymCell.swift */ = {isa = PBXFileReference; lastKnownFileType = sourcecode.swift; path = SynonymCell.swift; sourceTree = "<group>"; };
		DE9EB2FA2C1329EB00999FA3 /* MeaningCell.swift */ = {isa = PBXFileReference; lastKnownFileType = sourcecode.swift; path = MeaningCell.swift; sourceTree = "<group>"; };
		DE9EB2FC2C133AEC00999FA3 /* InfoCell.swift */ = {isa = PBXFileReference; lastKnownFileType = sourcecode.swift; path = InfoCell.swift; sourceTree = "<group>"; };
		DEA1BB2B2C120B6D0025FFD6 /* BaseViewController.swift */ = {isa = PBXFileReference; lastKnownFileType = sourcecode.swift; path = BaseViewController.swift; sourceTree = "<group>"; };
		DEA1BB2F2C120BB40025FFD6 /* LoadingShowable.swift */ = {isa = PBXFileReference; lastKnownFileType = sourcecode.swift; path = LoadingShowable.swift; sourceTree = "<group>"; };
		DEA1BB322C120BED0025FFD6 /* LoadingView.swift */ = {isa = PBXFileReference; lastKnownFileType = sourcecode.swift; path = LoadingView.swift; sourceTree = "<group>"; };
		DEA1BB342C1224A70025FFD6 /* DetailViewController.swift */ = {isa = PBXFileReference; lastKnownFileType = sourcecode.swift; path = DetailViewController.swift; sourceTree = "<group>"; };
		DEA1BB362C1224B30025FFD6 /* DetailInteractor.swift */ = {isa = PBXFileReference; lastKnownFileType = sourcecode.swift; path = DetailInteractor.swift; sourceTree = "<group>"; };
		DEA1BB382C1224BD0025FFD6 /* DetailPresenter.swift */ = {isa = PBXFileReference; lastKnownFileType = sourcecode.swift; path = DetailPresenter.swift; sourceTree = "<group>"; };
		DEA1BB3A2C1224C60025FFD6 /* DetailRouter.swift */ = {isa = PBXFileReference; lastKnownFileType = sourcecode.swift; path = DetailRouter.swift; sourceTree = "<group>"; };
		DEA1BB3C2C123E590025FFD6 /* Synonym.swift */ = {isa = PBXFileReference; lastKnownFileType = sourcecode.swift; path = Synonym.swift; sourceTree = "<group>"; };
		DEA587E62C17B1D4005A1D68 /* InfoCellPresenter.swift */ = {isa = PBXFileReference; lastKnownFileType = sourcecode.swift; path = InfoCellPresenter.swift; sourceTree = "<group>"; };
		DEB3CF972C08D7B900002729 /* TurkcellFinal.app */ = {isa = PBXFileReference; explicitFileType = wrapper.application; includeInIndex = 0; path = TurkcellFinal.app; sourceTree = BUILT_PRODUCTS_DIR; };
		DEB3CF9A2C08D7B900002729 /* AppDelegate.swift */ = {isa = PBXFileReference; lastKnownFileType = sourcecode.swift; path = AppDelegate.swift; sourceTree = "<group>"; };
		DEB3CF9C2C08D7B900002729 /* SceneDelegate.swift */ = {isa = PBXFileReference; lastKnownFileType = sourcecode.swift; path = SceneDelegate.swift; sourceTree = "<group>"; };
		DEB3CF9E2C08D7B900002729 /* ViewController.swift */ = {isa = PBXFileReference; lastKnownFileType = sourcecode.swift; path = ViewController.swift; sourceTree = "<group>"; };
		DEB3CFA12C08D7B900002729 /* Base */ = {isa = PBXFileReference; lastKnownFileType = file.storyboard; name = Base; path = Base.lproj/Main.storyboard; sourceTree = "<group>"; };
		DEB3CFA42C08D7B900002729 /* TurkcellFinal.xcdatamodel */ = {isa = PBXFileReference; lastKnownFileType = wrapper.xcdatamodel; path = TurkcellFinal.xcdatamodel; sourceTree = "<group>"; };
		DEB3CFA62C08D7BB00002729 /* Assets.xcassets */ = {isa = PBXFileReference; lastKnownFileType = folder.assetcatalog; path = Assets.xcassets; sourceTree = "<group>"; };
		DEB3CFA92C08D7BB00002729 /* Base */ = {isa = PBXFileReference; lastKnownFileType = file.storyboard; name = Base; path = Base.lproj/LaunchScreen.storyboard; sourceTree = "<group>"; };
		DEB3CFAB2C08D7BB00002729 /* Info.plist */ = {isa = PBXFileReference; lastKnownFileType = text.plist.xml; path = Info.plist; sourceTree = "<group>"; };
		DEB3CFB02C08D7BB00002729 /* TurkcellFinalTests.xctest */ = {isa = PBXFileReference; explicitFileType = wrapper.cfbundle; includeInIndex = 0; path = TurkcellFinalTests.xctest; sourceTree = BUILT_PRODUCTS_DIR; };
		DEB3CFB42C08D7BB00002729 /* TurkcellFinalTests.swift */ = {isa = PBXFileReference; lastKnownFileType = sourcecode.swift; path = TurkcellFinalTests.swift; sourceTree = "<group>"; };
		DEB3CFBA2C08D7BB00002729 /* TurkcellFinalUITests.xctest */ = {isa = PBXFileReference; explicitFileType = wrapper.cfbundle; includeInIndex = 0; path = TurkcellFinalUITests.xctest; sourceTree = BUILT_PRODUCTS_DIR; };
		DEB3CFBE2C08D7BB00002729 /* TurkcellFinalUITests.swift */ = {isa = PBXFileReference; lastKnownFileType = sourcecode.swift; path = TurkcellFinalUITests.swift; sourceTree = "<group>"; };
		DEB3CFC02C08D7BB00002729 /* TurkcellFinalUITestsLaunchTests.swift */ = {isa = PBXFileReference; lastKnownFileType = sourcecode.swift; path = TurkcellFinalUITestsLaunchTests.swift; sourceTree = "<group>"; };
		DEB3CFD22C08DD9300002729 /* SplashViewController.swift */ = {isa = PBXFileReference; lastKnownFileType = sourcecode.swift; path = SplashViewController.swift; sourceTree = "<group>"; };
		DEB3CFD42C08DDA700002729 /* SplashRouter.swift */ = {isa = PBXFileReference; lastKnownFileType = sourcecode.swift; path = SplashRouter.swift; sourceTree = "<group>"; };
		DEB3CFD72C08DDB600002729 /* SplashPresenter.swift */ = {isa = PBXFileReference; lastKnownFileType = sourcecode.swift; path = SplashPresenter.swift; sourceTree = "<group>"; };
		DEB3CFD92C08DDC400002729 /* SplashInteractor.swift */ = {isa = PBXFileReference; lastKnownFileType = sourcecode.swift; path = SplashInteractor.swift; sourceTree = "<group>"; };
		DEB3CFDB2C08DFEC00002729 /* Reachability.swift */ = {isa = PBXFileReference; lastKnownFileType = sourcecode.swift; path = Reachability.swift; sourceTree = "<group>"; };
		DEB3CFDD2C08E13700002729 /* NetworkManager.swift */ = {isa = PBXFileReference; lastKnownFileType = sourcecode.swift; path = NetworkManager.swift; sourceTree = "<group>"; };
		DEB3CFDF2C08E4B600002729 /* API.swift */ = {isa = PBXFileReference; lastKnownFileType = sourcecode.swift; path = API.swift; sourceTree = "<group>"; };
/* End PBXFileReference section */

/* Begin PBXFrameworksBuildPhase section */
		DEB3CF942C08D7B900002729 /* Frameworks */ = {
			isa = PBXFrameworksBuildPhase;
			buildActionMask = 2147483647;
			files = (
			);
			runOnlyForDeploymentPostprocessing = 0;
		};
		DEB3CFAD2C08D7BB00002729 /* Frameworks */ = {
			isa = PBXFrameworksBuildPhase;
			buildActionMask = 2147483647;
			files = (
			);
			runOnlyForDeploymentPostprocessing = 0;
		};
		DEB3CFB72C08D7BB00002729 /* Frameworks */ = {
			isa = PBXFrameworksBuildPhase;
			buildActionMask = 2147483647;
			files = (
			);
			runOnlyForDeploymentPostprocessing = 0;
		};
/* End PBXFrameworksBuildPhase section */

/* Begin PBXGroup section */
		DE294F582C0F443F004C4531 /* Launch */ = {
			isa = PBXGroup;
			children = (
				DE294F622C0F498D004C4531 /* LaunchCell */,
				DE294F592C0F4484004C4531 /* LaunchViewController.swift */,
				DE294F5B2C0F448E004C4531 /* LaunchInteractor.swift */,
				DE294F5D2C0F4886004C4531 /* LaunchPresenter.swift */,
				DE294F602C0F48B8004C4531 /* LaunchRouter.swift */,
			);
			path = Launch;
			sourceTree = "<group>";
		};
		DE294F622C0F498D004C4531 /* LaunchCell */ = {
			isa = PBXGroup;
			children = (
				DE294F632C0F49A4004C4531 /* LaunchCell.swift */,
			);
			path = LaunchCell;
			sourceTree = "<group>";
		};
		DE52A7F42C111BEA00ADF618 /* Home */ = {
			isa = PBXGroup;
			children = (
				DE52A8042C112B6900ADF618 /* HomeCell */,
				DE52A7F52C111BFD00ADF618 /* HomeViewController.swift */,
				DE52A7F72C111C0A00ADF618 /* HomePresenter.swift */,
				DE52A7FA2C111C3300ADF618 /* HomeInteractor.swift */,
				DE52A7FC2C111C3900ADF618 /* HomeRouter.swift */,
				DE52A7FE2C111C5000ADF618 /* HomeEntity.swift */,
			);
			path = Home;
			sourceTree = "<group>";
		};
		DE52A8002C11204D00ADF618 /* Repository */ = {
			isa = PBXGroup;
			children = (
				DE52A8022C1120F900ADF618 /* SearchRepository.swift */,
			);
			path = Repository;
			sourceTree = "<group>";
		};
		DE52A8012C1120E600ADF618 /* CoreData */ = {
			isa = PBXGroup;
			children = (
				DE52A8002C11204D00ADF618 /* Repository */,
			);
			path = CoreData;
			sourceTree = "<group>";
		};
		DE52A8042C112B6900ADF618 /* HomeCell */ = {
			isa = PBXGroup;
			children = (
				DE52A8052C112B8800ADF618 /* SearchCell.swift */,
			);
			path = HomeCell;
			sourceTree = "<group>";
		};
		DE52A80A2C11374E00ADF618 /* Entities */ = {
			isa = PBXGroup;
			children = (
				DE52A80B2C11376100ADF618 /* Word.swift */,
				DEA1BB3C2C123E590025FFD6 /* Synonym.swift */,
			);
			path = Entities;
			sourceTree = "<group>";
		};
		DE52A80D2C11390400ADF618 /* Detail */ = {
			isa = PBXGroup;
			children = (
				DE9EB2F72C13243000999FA3 /* DetailCell */,
				DEA1BB342C1224A70025FFD6 /* DetailViewController.swift */,
				DEA1BB362C1224B30025FFD6 /* DetailInteractor.swift */,
				DEA1BB382C1224BD0025FFD6 /* DetailPresenter.swift */,
				DEA1BB3A2C1224C60025FFD6 /* DetailRouter.swift */,
			);
			path = Detail;
			sourceTree = "<group>";
		};
		DE9666512C18655F009D878D /* SynonymCell */ = {
			isa = PBXGroup;
			children = (
				DE9EB2F82C13245400999FA3 /* SynonymCell.swift */,
			);
			path = SynonymCell;
			sourceTree = "<group>";
		};
		DE9666522C186C88009D878D /* Extensions */ = {
			isa = PBXGroup;
			children = (
				DE9666532C186C9C009D878D /* StringExtension.swift */,
				DE9D3A7E2C19F75900DA3694 /* UIView + AddShadow.swift */,
			);
			path = Extensions;
			sourceTree = "<group>";
		};
		DE9D3A802C1A047D00DA3694 /* DetailViewFactory */ = {
			isa = PBXGroup;
			children = (
				DE9D3A812C1A049800DA3694 /* DetailViewFactory.swift */,
			);
			path = DetailViewFactory;
			sourceTree = "<group>";
		};
		DE9D3A832C1A455100DA3694 /* MockHome */ = {
			isa = PBXGroup;
			children = (
				DE9D3A842C1A456B00DA3694 /* MockHomeViewController.swift */,
				DE9D3A862C1A476200DA3694 /* MockInteractor.swift */,
				DE9D3A882C1A4D3B00DA3694 /* MockHomePresenterTest.swift */,
				DE9D3A8A2C1A4DC500DA3694 /* MockHomeRouter.swift */,
			);
			path = MockHome;
			sourceTree = "<group>";
		};
		DE9EB2F72C13243000999FA3 /* DetailCell */ = {
			isa = PBXGroup;
			children = (
				DE9D3A802C1A047D00DA3694 /* DetailViewFactory */,
				DE9666512C18655F009D878D /* SynonymCell */,
				DEA587E52C17B1BF005A1D68 /* InfoCell */,
				DE9EB2FA2C1329EB00999FA3 /* MeaningCell.swift */,
			);
			path = DetailCell;
			sourceTree = "<group>";
		};
		DEA1BB2A2C120B580025FFD6 /* Base */ = {
			isa = PBXGroup;
			children = (
				DEA1BB2B2C120B6D0025FFD6 /* BaseViewController.swift */,
			);
			path = Base;
			sourceTree = "<group>";
		};
		DEA1BB2E2C120BA90025FFD6 /* Utils */ = {
			isa = PBXGroup;
			children = (
				DEA1BB2F2C120BB40025FFD6 /* LoadingShowable.swift */,
			);
			path = Utils;
			sourceTree = "<group>";
		};
		DEA1BB312C120BE70025FFD6 /* View */ = {
			isa = PBXGroup;
			children = (
				DEA1BB322C120BED0025FFD6 /* LoadingView.swift */,
			);
			path = View;
			sourceTree = "<group>";
		};
		DEA587E52C17B1BF005A1D68 /* InfoCell */ = {
			isa = PBXGroup;
			children = (
				DE9EB2FC2C133AEC00999FA3 /* InfoCell.swift */,
				DEA587E62C17B1D4005A1D68 /* InfoCellPresenter.swift */,
			);
			path = InfoCell;
			sourceTree = "<group>";
		};
		DEB3CF8E2C08D7B900002729 = {
			isa = PBXGroup;
			children = (
				DEB3CF992C08D7B900002729 /* TurkcellFinal */,
				DEB3CFB32C08D7BB00002729 /* TurkcellFinalTests */,
				DEB3CFBD2C08D7BB00002729 /* TurkcellFinalUITests */,
				DEB3CF982C08D7B900002729 /* Products */,
			);
			sourceTree = "<group>";
		};
		DEB3CF982C08D7B900002729 /* Products */ = {
			isa = PBXGroup;
			children = (
				DEB3CF972C08D7B900002729 /* TurkcellFinal.app */,
				DEB3CFB02C08D7BB00002729 /* TurkcellFinalTests.xctest */,
				DEB3CFBA2C08D7BB00002729 /* TurkcellFinalUITests.xctest */,
			);
			name = Products;
			sourceTree = "<group>";
		};
		DEB3CF992C08D7B900002729 /* TurkcellFinal */ = {
			isa = PBXGroup;
			children = (
				DE9666522C186C88009D878D /* Extensions */,
				DEB3CFCD2C08D8C600002729 /* Network */,
				DE52A80A2C11374E00ADF618 /* Entities */,
				DE52A8012C1120E600ADF618 /* CoreData */,
				DEB3CFD02C08D8F700002729 /* Module */,
				DEB3CFCF2C08D8DC00002729 /* Resources */,
				DEB3CFCE2C08D8D800002729 /* App */,
				DEB3CF9A2C08D7B900002729 /* AppDelegate.swift */,
				DEB3CF9C2C08D7B900002729 /* SceneDelegate.swift */,
				DEB3CF9E2C08D7B900002729 /* ViewController.swift */,
				DEB3CFA02C08D7B900002729 /* Main.storyboard */,
				DEB3CFA62C08D7BB00002729 /* Assets.xcassets */,
				DEB3CFA82C08D7BB00002729 /* LaunchScreen.storyboard */,
				DEB3CFAB2C08D7BB00002729 /* Info.plist */,
				DEB3CFA32C08D7B900002729 /* TurkcellFinal.xcdatamodeld */,
			);
			path = TurkcellFinal;
			sourceTree = "<group>";
		};
		DEB3CFB32C08D7BB00002729 /* TurkcellFinalTests */ = {
			isa = PBXGroup;
			children = (
				DE9D3A832C1A455100DA3694 /* MockHome */,
				DEB3CFB42C08D7BB00002729 /* TurkcellFinalTests.swift */,
				DE9D3A8E2C1A50AD00DA3694 /* WordMock.json */,
			);
			path = TurkcellFinalTests;
			sourceTree = "<group>";
		};
		DEB3CFBD2C08D7BB00002729 /* TurkcellFinalUITests */ = {
			isa = PBXGroup;
			children = (
				DEB3CFBE2C08D7BB00002729 /* TurkcellFinalUITests.swift */,
				DEB3CFC02C08D7BB00002729 /* TurkcellFinalUITestsLaunchTests.swift */,
			);
			path = TurkcellFinalUITests;
			sourceTree = "<group>";
		};
		DEB3CFCD2C08D8C600002729 /* Network */ = {
			isa = PBXGroup;
			children = (
				DEB3CFDB2C08DFEC00002729 /* Reachability.swift */,
				DEB3CFDD2C08E13700002729 /* NetworkManager.swift */,
				DEB3CFDF2C08E4B600002729 /* API.swift */,
				DE52A8082C11373B00ADF618 /* ServiceManager.swift */,
			);
			path = Network;
			sourceTree = "<group>";
		};
		DEB3CFCE2C08D8D800002729 /* App */ = {
			isa = PBXGroup;
			children = (
			);
			path = App;
			sourceTree = "<group>";
		};
		DEB3CFCF2C08D8DC00002729 /* Resources */ = {
			isa = PBXGroup;
			children = (
				DEA1BB312C120BE70025FFD6 /* View */,
				DEA1BB2E2C120BA90025FFD6 /* Utils */,
			);
			path = Resources;
			sourceTree = "<group>";
		};
		DEB3CFD02C08D8F700002729 /* Module */ = {
			isa = PBXGroup;
			children = (
				DEA1BB2A2C120B580025FFD6 /* Base */,
				DE52A80D2C11390400ADF618 /* Detail */,
				DE52A7F42C111BEA00ADF618 /* Home */,
				DE294F582C0F443F004C4531 /* Launch */,
				DEB3CFD12C08D8FD00002729 /* Splash */,
			);
			path = Module;
			sourceTree = "<group>";
		};
		DEB3CFD12C08D8FD00002729 /* Splash */ = {
			isa = PBXGroup;
			children = (
				DEB3CFD22C08DD9300002729 /* SplashViewController.swift */,
				DEB3CFD92C08DDC400002729 /* SplashInteractor.swift */,
				DEB3CFD72C08DDB600002729 /* SplashPresenter.swift */,
				DEB3CFD42C08DDA700002729 /* SplashRouter.swift */,
			);
			path = Splash;
			sourceTree = "<group>";
		};
/* End PBXGroup section */

/* Begin PBXNativeTarget section */
		DEB3CF962C08D7B900002729 /* TurkcellFinal */ = {
			isa = PBXNativeTarget;
			buildConfigurationList = DEB3CFC42C08D7BB00002729 /* Build configuration list for PBXNativeTarget "TurkcellFinal" */;
			buildPhases = (
				DEB3CF932C08D7B900002729 /* Sources */,
				DEB3CF942C08D7B900002729 /* Frameworks */,
				DEB3CF952C08D7B900002729 /* Resources */,
			);
			buildRules = (
			);
			dependencies = (
			);
			name = TurkcellFinal;
			productName = TurkcellFinal;
			productReference = DEB3CF972C08D7B900002729 /* TurkcellFinal.app */;
			productType = "com.apple.product-type.application";
		};
		DEB3CFAF2C08D7BB00002729 /* TurkcellFinalTests */ = {
			isa = PBXNativeTarget;
			buildConfigurationList = DEB3CFC72C08D7BB00002729 /* Build configuration list for PBXNativeTarget "TurkcellFinalTests" */;
			buildPhases = (
				DEB3CFAC2C08D7BB00002729 /* Sources */,
				DEB3CFAD2C08D7BB00002729 /* Frameworks */,
				DEB3CFAE2C08D7BB00002729 /* Resources */,
			);
			buildRules = (
			);
			dependencies = (
				DEB3CFB22C08D7BB00002729 /* PBXTargetDependency */,
			);
			name = TurkcellFinalTests;
			productName = TurkcellFinalTests;
			productReference = DEB3CFB02C08D7BB00002729 /* TurkcellFinalTests.xctest */;
			productType = "com.apple.product-type.bundle.unit-test";
		};
		DEB3CFB92C08D7BB00002729 /* TurkcellFinalUITests */ = {
			isa = PBXNativeTarget;
			buildConfigurationList = DEB3CFCA2C08D7BB00002729 /* Build configuration list for PBXNativeTarget "TurkcellFinalUITests" */;
			buildPhases = (
				DEB3CFB62C08D7BB00002729 /* Sources */,
				DEB3CFB72C08D7BB00002729 /* Frameworks */,
				DEB3CFB82C08D7BB00002729 /* Resources */,
			);
			buildRules = (
			);
			dependencies = (
				DEB3CFBC2C08D7BB00002729 /* PBXTargetDependency */,
			);
			name = TurkcellFinalUITests;
			productName = TurkcellFinalUITests;
			productReference = DEB3CFBA2C08D7BB00002729 /* TurkcellFinalUITests.xctest */;
			productType = "com.apple.product-type.bundle.ui-testing";
		};
/* End PBXNativeTarget section */

/* Begin PBXProject section */
		DEB3CF8F2C08D7B900002729 /* Project object */ = {
			isa = PBXProject;
			attributes = {
				BuildIndependentTargetsInParallel = 1;
				LastSwiftUpdateCheck = 1540;
				LastUpgradeCheck = 1540;
				TargetAttributes = {
					DEB3CF962C08D7B900002729 = {
						CreatedOnToolsVersion = 15.4;
					};
					DEB3CFAF2C08D7BB00002729 = {
						CreatedOnToolsVersion = 15.4;
						TestTargetID = DEB3CF962C08D7B900002729;
					};
					DEB3CFB92C08D7BB00002729 = {
						CreatedOnToolsVersion = 15.4;
						TestTargetID = DEB3CF962C08D7B900002729;
					};
				};
			};
			buildConfigurationList = DEB3CF922C08D7B900002729 /* Build configuration list for PBXProject "TurkcellFinal" */;
			compatibilityVersion = "Xcode 14.0";
			developmentRegion = en;
			hasScannedForEncodings = 0;
			knownRegions = (
				en,
				Base,
			);
			mainGroup = DEB3CF8E2C08D7B900002729;
			productRefGroup = DEB3CF982C08D7B900002729 /* Products */;
			projectDirPath = "";
			projectRoot = "";
			targets = (
				DEB3CF962C08D7B900002729 /* TurkcellFinal */,
				DEB3CFAF2C08D7BB00002729 /* TurkcellFinalTests */,
				DEB3CFB92C08D7BB00002729 /* TurkcellFinalUITests */,
			);
		};
/* End PBXProject section */

/* Begin PBXResourcesBuildPhase section */
		DEB3CF952C08D7B900002729 /* Resources */ = {
			isa = PBXResourcesBuildPhase;
			buildActionMask = 2147483647;
			files = (
				DEB3CFA72C08D7BB00002729 /* Assets.xcassets in Resources */,
				DEB3CFAA2C08D7BB00002729 /* Base in Resources */,
				DEB3CFA22C08D7B900002729 /* Base in Resources */,
			);
			runOnlyForDeploymentPostprocessing = 0;
		};
		DEB3CFAE2C08D7BB00002729 /* Resources */ = {
			isa = PBXResourcesBuildPhase;
			buildActionMask = 2147483647;
			files = (
				DE9D3A8F2C1A50AD00DA3694 /* WordMock.json in Resources */,
			);
			runOnlyForDeploymentPostprocessing = 0;
		};
		DEB3CFB82C08D7BB00002729 /* Resources */ = {
			isa = PBXResourcesBuildPhase;
			buildActionMask = 2147483647;
			files = (
			);
			runOnlyForDeploymentPostprocessing = 0;
		};
/* End PBXResourcesBuildPhase section */

/* Begin PBXSourcesBuildPhase section */
		DEB3CF932C08D7B900002729 /* Sources */ = {
			isa = PBXSourcesBuildPhase;
			buildActionMask = 2147483647;
			files = (
				DEB3CFE02C08E4B600002729 /* API.swift in Sources */,
				DEA1BB3B2C1224C60025FFD6 /* DetailRouter.swift in Sources */,
				DE52A7FB2C111C3300ADF618 /* HomeInteractor.swift in Sources */,
				DEB3CF9F2C08D7B900002729 /* ViewController.swift in Sources */,
				DE294F5C2C0F448E004C4531 /* LaunchInteractor.swift in Sources */,
				DE9EB2FD2C133AEC00999FA3 /* InfoCell.swift in Sources */,
				DE52A7F62C111BFD00ADF618 /* HomeViewController.swift in Sources */,
				DEA1BB332C120BED0025FFD6 /* LoadingView.swift in Sources */,
				DEB3CFD82C08DDB600002729 /* SplashPresenter.swift in Sources */,
				DEB3CFDE2C08E13700002729 /* NetworkManager.swift in Sources */,
				DE294F5E2C0F4886004C4531 /* LaunchPresenter.swift in Sources */,
				DE9EB2FB2C1329EB00999FA3 /* MeaningCell.swift in Sources */,
				DEA1BB352C1224A70025FFD6 /* DetailViewController.swift in Sources */,
				DE294F642C0F49A4004C4531 /* LaunchCell.swift in Sources */,
				DE9D3A822C1A049800DA3694 /* DetailViewFactory.swift in Sources */,
				DEA1BB302C120BB40025FFD6 /* LoadingShowable.swift in Sources */,
				DE52A80C2C11376100ADF618 /* Word.swift in Sources */,
				DE9666542C186C9C009D878D /* StringExtension.swift in Sources */,
				DE52A7FD2C111C3900ADF618 /* HomeRouter.swift in Sources */,
				DEB3CFD52C08DDA700002729 /* SplashRouter.swift in Sources */,
				DE52A8092C11373B00ADF618 /* ServiceManager.swift in Sources */,
				DEA1BB2C2C120B6D0025FFD6 /* BaseViewController.swift in Sources */,
				DEB3CF9B2C08D7B900002729 /* AppDelegate.swift in Sources */,
				DE9EB2F92C13245400999FA3 /* SynonymCell.swift in Sources */,
				DEB3CFA52C08D7B900002729 /* TurkcellFinal.xcdatamodeld in Sources */,
				DEA1BB3D2C123E590025FFD6 /* Synonym.swift in Sources */,
				DEA587E72C17B1D4005A1D68 /* InfoCellPresenter.swift in Sources */,
				DE52A8032C1120F900ADF618 /* SearchRepository.swift in Sources */,
				DE294F5A2C0F4484004C4531 /* LaunchViewController.swift in Sources */,
				DEA1BB392C1224BD0025FFD6 /* DetailPresenter.swift in Sources */,
				DE9D3A7F2C19F75900DA3694 /* UIView + AddShadow.swift in Sources */,
				DEA1BB372C1224B30025FFD6 /* DetailInteractor.swift in Sources */,
				DEB3CFDC2C08DFEC00002729 /* Reachability.swift in Sources */,
				DEB3CF9D2C08D7B900002729 /* SceneDelegate.swift in Sources */,
				DE52A7FF2C111C5000ADF618 /* HomeEntity.swift in Sources */,
				DE294F612C0F48B8004C4531 /* LaunchRouter.swift in Sources */,
				DE52A7F82C111C0A00ADF618 /* HomePresenter.swift in Sources */,
				DEB3CFD32C08DD9300002729 /* SplashViewController.swift in Sources */,
				DEB3CFDA2C08DDC400002729 /* SplashInteractor.swift in Sources */,
				DE52A8062C112B8800ADF618 /* SearchCell.swift in Sources */,
			);
			runOnlyForDeploymentPostprocessing = 0;
		};
		DEB3CFAC2C08D7BB00002729 /* Sources */ = {
			isa = PBXSourcesBuildPhase;
			buildActionMask = 2147483647;
			files = (
				DE9D3A872C1A476200DA3694 /* MockInteractor.swift in Sources */,
				DE9D3A892C1A4D3B00DA3694 /* MockHomePresenterTest.swift in Sources */,
				DE9D3A8B2C1A4DC500DA3694 /* MockHomeRouter.swift in Sources */,
				DEB3CFB52C08D7BB00002729 /* TurkcellFinalTests.swift in Sources */,
				DE9D3A852C1A456B00DA3694 /* MockHomeViewController.swift in Sources */,
			);
			runOnlyForDeploymentPostprocessing = 0;
		};
		DEB3CFB62C08D7BB00002729 /* Sources */ = {
			isa = PBXSourcesBuildPhase;
			buildActionMask = 2147483647;
			files = (
				DEB3CFBF2C08D7BB00002729 /* TurkcellFinalUITests.swift in Sources */,
				DEB3CFC12C08D7BB00002729 /* TurkcellFinalUITestsLaunchTests.swift in Sources */,
			);
			runOnlyForDeploymentPostprocessing = 0;
		};
/* End PBXSourcesBuildPhase section */

/* Begin PBXTargetDependency section */
		DEB3CFB22C08D7BB00002729 /* PBXTargetDependency */ = {
			isa = PBXTargetDependency;
			target = DEB3CF962C08D7B900002729 /* TurkcellFinal */;
			targetProxy = DEB3CFB12C08D7BB00002729 /* PBXContainerItemProxy */;
		};
		DEB3CFBC2C08D7BB00002729 /* PBXTargetDependency */ = {
			isa = PBXTargetDependency;
			target = DEB3CF962C08D7B900002729 /* TurkcellFinal */;
			targetProxy = DEB3CFBB2C08D7BB00002729 /* PBXContainerItemProxy */;
		};
/* End PBXTargetDependency section */

/* Begin PBXVariantGroup section */
		DEB3CFA02C08D7B900002729 /* Main.storyboard */ = {
			isa = PBXVariantGroup;
			children = (
				DEB3CFA12C08D7B900002729 /* Base */,
			);
			name = Main.storyboard;
			sourceTree = "<group>";
		};
		DEB3CFA82C08D7BB00002729 /* LaunchScreen.storyboard */ = {
			isa = PBXVariantGroup;
			children = (
				DEB3CFA92C08D7BB00002729 /* Base */,
			);
			name = LaunchScreen.storyboard;
			sourceTree = "<group>";
		};
/* End PBXVariantGroup section */

/* Begin XCBuildConfiguration section */
		DEB3CFC22C08D7BB00002729 /* Debug */ = {
			isa = XCBuildConfiguration;
			buildSettings = {
				ALWAYS_SEARCH_USER_PATHS = NO;
				ASSETCATALOG_COMPILER_GENERATE_SWIFT_ASSET_SYMBOL_EXTENSIONS = YES;
				CLANG_ANALYZER_NONNULL = YES;
				CLANG_ANALYZER_NUMBER_OBJECT_CONVERSION = YES_AGGRESSIVE;
				CLANG_CXX_LANGUAGE_STANDARD = "gnu++20";
				CLANG_ENABLE_MODULES = YES;
				CLANG_ENABLE_OBJC_ARC = YES;
				CLANG_ENABLE_OBJC_WEAK = YES;
				CLANG_WARN_BLOCK_CAPTURE_AUTORELEASING = YES;
				CLANG_WARN_BOOL_CONVERSION = YES;
				CLANG_WARN_COMMA = YES;
				CLANG_WARN_CONSTANT_CONVERSION = YES;
				CLANG_WARN_DEPRECATED_OBJC_IMPLEMENTATIONS = YES;
				CLANG_WARN_DIRECT_OBJC_ISA_USAGE = YES_ERROR;
				CLANG_WARN_DOCUMENTATION_COMMENTS = YES;
				CLANG_WARN_EMPTY_BODY = YES;
				CLANG_WARN_ENUM_CONVERSION = YES;
				CLANG_WARN_INFINITE_RECURSION = YES;
				CLANG_WARN_INT_CONVERSION = YES;
				CLANG_WARN_NON_LITERAL_NULL_CONVERSION = YES;
				CLANG_WARN_OBJC_IMPLICIT_RETAIN_SELF = YES;
				CLANG_WARN_OBJC_LITERAL_CONVERSION = YES;
				CLANG_WARN_OBJC_ROOT_CLASS = YES_ERROR;
				CLANG_WARN_QUOTED_INCLUDE_IN_FRAMEWORK_HEADER = YES;
				CLANG_WARN_RANGE_LOOP_ANALYSIS = YES;
				CLANG_WARN_STRICT_PROTOTYPES = YES;
				CLANG_WARN_SUSPICIOUS_MOVE = YES;
				CLANG_WARN_UNGUARDED_AVAILABILITY = YES_AGGRESSIVE;
				CLANG_WARN_UNREACHABLE_CODE = YES;
				CLANG_WARN__DUPLICATE_METHOD_MATCH = YES;
				COPY_PHASE_STRIP = NO;
				DEBUG_INFORMATION_FORMAT = dwarf;
				ENABLE_STRICT_OBJC_MSGSEND = YES;
				ENABLE_TESTABILITY = YES;
				ENABLE_USER_SCRIPT_SANDBOXING = YES;
				GCC_C_LANGUAGE_STANDARD = gnu17;
				GCC_DYNAMIC_NO_PIC = NO;
				GCC_NO_COMMON_BLOCKS = YES;
				GCC_OPTIMIZATION_LEVEL = 0;
				GCC_PREPROCESSOR_DEFINITIONS = (
					"DEBUG=1",
					"$(inherited)",
				);
				GCC_WARN_64_TO_32_BIT_CONVERSION = YES;
				GCC_WARN_ABOUT_RETURN_TYPE = YES_ERROR;
				GCC_WARN_UNDECLARED_SELECTOR = YES;
				GCC_WARN_UNINITIALIZED_AUTOS = YES_AGGRESSIVE;
				GCC_WARN_UNUSED_FUNCTION = YES;
				GCC_WARN_UNUSED_VARIABLE = YES;
				IPHONEOS_DEPLOYMENT_TARGET = 17.5;
				LOCALIZATION_PREFERS_STRING_CATALOGS = YES;
				MTL_ENABLE_DEBUG_INFO = INCLUDE_SOURCE;
				MTL_FAST_MATH = YES;
				ONLY_ACTIVE_ARCH = YES;
				SDKROOT = iphoneos;
				SWIFT_ACTIVE_COMPILATION_CONDITIONS = "DEBUG $(inherited)";
				SWIFT_OPTIMIZATION_LEVEL = "-Onone";
			};
			name = Debug;
		};
		DEB3CFC32C08D7BB00002729 /* Release */ = {
			isa = XCBuildConfiguration;
			buildSettings = {
				ALWAYS_SEARCH_USER_PATHS = NO;
				ASSETCATALOG_COMPILER_GENERATE_SWIFT_ASSET_SYMBOL_EXTENSIONS = YES;
				CLANG_ANALYZER_NONNULL = YES;
				CLANG_ANALYZER_NUMBER_OBJECT_CONVERSION = YES_AGGRESSIVE;
				CLANG_CXX_LANGUAGE_STANDARD = "gnu++20";
				CLANG_ENABLE_MODULES = YES;
				CLANG_ENABLE_OBJC_ARC = YES;
				CLANG_ENABLE_OBJC_WEAK = YES;
				CLANG_WARN_BLOCK_CAPTURE_AUTORELEASING = YES;
				CLANG_WARN_BOOL_CONVERSION = YES;
				CLANG_WARN_COMMA = YES;
				CLANG_WARN_CONSTANT_CONVERSION = YES;
				CLANG_WARN_DEPRECATED_OBJC_IMPLEMENTATIONS = YES;
				CLANG_WARN_DIRECT_OBJC_ISA_USAGE = YES_ERROR;
				CLANG_WARN_DOCUMENTATION_COMMENTS = YES;
				CLANG_WARN_EMPTY_BODY = YES;
				CLANG_WARN_ENUM_CONVERSION = YES;
				CLANG_WARN_INFINITE_RECURSION = YES;
				CLANG_WARN_INT_CONVERSION = YES;
				CLANG_WARN_NON_LITERAL_NULL_CONVERSION = YES;
				CLANG_WARN_OBJC_IMPLICIT_RETAIN_SELF = YES;
				CLANG_WARN_OBJC_LITERAL_CONVERSION = YES;
				CLANG_WARN_OBJC_ROOT_CLASS = YES_ERROR;
				CLANG_WARN_QUOTED_INCLUDE_IN_FRAMEWORK_HEADER = YES;
				CLANG_WARN_RANGE_LOOP_ANALYSIS = YES;
				CLANG_WARN_STRICT_PROTOTYPES = YES;
				CLANG_WARN_SUSPICIOUS_MOVE = YES;
				CLANG_WARN_UNGUARDED_AVAILABILITY = YES_AGGRESSIVE;
				CLANG_WARN_UNREACHABLE_CODE = YES;
				CLANG_WARN__DUPLICATE_METHOD_MATCH = YES;
				COPY_PHASE_STRIP = NO;
				DEBUG_INFORMATION_FORMAT = "dwarf-with-dsym";
				ENABLE_NS_ASSERTIONS = NO;
				ENABLE_STRICT_OBJC_MSGSEND = YES;
				ENABLE_USER_SCRIPT_SANDBOXING = YES;
				GCC_C_LANGUAGE_STANDARD = gnu17;
				GCC_NO_COMMON_BLOCKS = YES;
				GCC_WARN_64_TO_32_BIT_CONVERSION = YES;
				GCC_WARN_ABOUT_RETURN_TYPE = YES_ERROR;
				GCC_WARN_UNDECLARED_SELECTOR = YES;
				GCC_WARN_UNINITIALIZED_AUTOS = YES_AGGRESSIVE;
				GCC_WARN_UNUSED_FUNCTION = YES;
				GCC_WARN_UNUSED_VARIABLE = YES;
				IPHONEOS_DEPLOYMENT_TARGET = 17.5;
				LOCALIZATION_PREFERS_STRING_CATALOGS = YES;
				MTL_ENABLE_DEBUG_INFO = NO;
				MTL_FAST_MATH = YES;
				SDKROOT = iphoneos;
				SWIFT_COMPILATION_MODE = wholemodule;
				VALIDATE_PRODUCT = YES;
			};
			name = Release;
		};
		DEB3CFC52C08D7BB00002729 /* Debug */ = {
			isa = XCBuildConfiguration;
			buildSettings = {
				ASSETCATALOG_COMPILER_APPICON_NAME = AppIcon;
				ASSETCATALOG_COMPILER_GLOBAL_ACCENT_COLOR_NAME = AccentColor;
				CODE_SIGN_STYLE = Automatic;
				CURRENT_PROJECT_VERSION = 1;
				DEVELOPMENT_TEAM = ZY98G8GQD4;
				GENERATE_INFOPLIST_FILE = YES;
				INFOPLIST_FILE = TurkcellFinal/Info.plist;
				INFOPLIST_KEY_UIApplicationSupportsIndirectInputEvents = YES;
				INFOPLIST_KEY_UILaunchStoryboardName = LaunchScreen;
				INFOPLIST_KEY_UIMainStoryboardFile = Main;
				INFOPLIST_KEY_UISupportedInterfaceOrientations_iPad = "UIInterfaceOrientationPortrait UIInterfaceOrientationPortraitUpsideDown UIInterfaceOrientationLandscapeLeft UIInterfaceOrientationLandscapeRight";
				INFOPLIST_KEY_UISupportedInterfaceOrientations_iPhone = "UIInterfaceOrientationPortrait UIInterfaceOrientationLandscapeLeft UIInterfaceOrientationLandscapeRight";
				LD_RUNPATH_SEARCH_PATHS = (
					"$(inherited)",
					"@executable_path/Frameworks",
				);
				MARKETING_VERSION = 1.0;
				PRODUCT_BUNDLE_IDENTIFIER = com.erkancosar.TurkcellFinal;
				PRODUCT_NAME = "$(TARGET_NAME)";
				SWIFT_EMIT_LOC_STRINGS = YES;
				SWIFT_VERSION = 5.0;
				TARGETED_DEVICE_FAMILY = "1,2";
			};
			name = Debug;
		};
		DEB3CFC62C08D7BB00002729 /* Release */ = {
			isa = XCBuildConfiguration;
			buildSettings = {
				ASSETCATALOG_COMPILER_APPICON_NAME = AppIcon;
				ASSETCATALOG_COMPILER_GLOBAL_ACCENT_COLOR_NAME = AccentColor;
				CODE_SIGN_STYLE = Automatic;
				CURRENT_PROJECT_VERSION = 1;
				DEVELOPMENT_TEAM = ZY98G8GQD4;
				GENERATE_INFOPLIST_FILE = YES;
				INFOPLIST_FILE = TurkcellFinal/Info.plist;
				INFOPLIST_KEY_UIApplicationSupportsIndirectInputEvents = YES;
				INFOPLIST_KEY_UILaunchStoryboardName = LaunchScreen;
				INFOPLIST_KEY_UIMainStoryboardFile = Main;
				INFOPLIST_KEY_UISupportedInterfaceOrientations_iPad = "UIInterfaceOrientationPortrait UIInterfaceOrientationPortraitUpsideDown UIInterfaceOrientationLandscapeLeft UIInterfaceOrientationLandscapeRight";
				INFOPLIST_KEY_UISupportedInterfaceOrientations_iPhone = "UIInterfaceOrientationPortrait UIInterfaceOrientationLandscapeLeft UIInterfaceOrientationLandscapeRight";
				LD_RUNPATH_SEARCH_PATHS = (
					"$(inherited)",
					"@executable_path/Frameworks",
				);
				MARKETING_VERSION = 1.0;
				PRODUCT_BUNDLE_IDENTIFIER = com.erkancosar.TurkcellFinal;
				PRODUCT_NAME = "$(TARGET_NAME)";
				SWIFT_EMIT_LOC_STRINGS = YES;
				SWIFT_VERSION = 5.0;
				TARGETED_DEVICE_FAMILY = "1,2";
			};
			name = Release;
		};
		DEB3CFC82C08D7BB00002729 /* Debug */ = {
			isa = XCBuildConfiguration;
			buildSettings = {
				ALWAYS_EMBED_SWIFT_STANDARD_LIBRARIES = YES;
				BUNDLE_LOADER = "$(TEST_HOST)";
				CODE_SIGN_STYLE = Automatic;
				CURRENT_PROJECT_VERSION = 1;
				DEVELOPMENT_TEAM = ZY98G8GQD4;
				GENERATE_INFOPLIST_FILE = YES;
				IPHONEOS_DEPLOYMENT_TARGET = 17.5;
				MARKETING_VERSION = 1.0;
				PRODUCT_BUNDLE_IDENTIFIER = com.erkancosar.TurkcellFinalTests;
				PRODUCT_NAME = "$(TARGET_NAME)";
				SWIFT_EMIT_LOC_STRINGS = NO;
				SWIFT_VERSION = 5.0;
				TARGETED_DEVICE_FAMILY = "1,2";
				TEST_HOST = "$(BUILT_PRODUCTS_DIR)/TurkcellFinal.app/$(BUNDLE_EXECUTABLE_FOLDER_PATH)/TurkcellFinal";
			};
			name = Debug;
		};
		DEB3CFC92C08D7BB00002729 /* Release */ = {
			isa = XCBuildConfiguration;
			buildSettings = {
				ALWAYS_EMBED_SWIFT_STANDARD_LIBRARIES = YES;
				BUNDLE_LOADER = "$(TEST_HOST)";
				CODE_SIGN_STYLE = Automatic;
				CURRENT_PROJECT_VERSION = 1;
				DEVELOPMENT_TEAM = ZY98G8GQD4;
				GENERATE_INFOPLIST_FILE = YES;
				IPHONEOS_DEPLOYMENT_TARGET = 17.5;
				MARKETING_VERSION = 1.0;
				PRODUCT_BUNDLE_IDENTIFIER = com.erkancosar.TurkcellFinalTests;
				PRODUCT_NAME = "$(TARGET_NAME)";
				SWIFT_EMIT_LOC_STRINGS = NO;
				SWIFT_VERSION = 5.0;
				TARGETED_DEVICE_FAMILY = "1,2";
				TEST_HOST = "$(BUILT_PRODUCTS_DIR)/TurkcellFinal.app/$(BUNDLE_EXECUTABLE_FOLDER_PATH)/TurkcellFinal";
			};
			name = Release;
		};
		DEB3CFCB2C08D7BB00002729 /* Debug */ = {
			isa = XCBuildConfiguration;
			buildSettings = {
				ALWAYS_EMBED_SWIFT_STANDARD_LIBRARIES = YES;
				CODE_SIGN_STYLE = Automatic;
				CURRENT_PROJECT_VERSION = 1;
				DEVELOPMENT_TEAM = ZY98G8GQD4;
				GENERATE_INFOPLIST_FILE = YES;
				MARKETING_VERSION = 1.0;
				PRODUCT_BUNDLE_IDENTIFIER = com.erkancosar.TurkcellFinalUITests;
				PRODUCT_NAME = "$(TARGET_NAME)";
				SWIFT_EMIT_LOC_STRINGS = NO;
				SWIFT_VERSION = 5.0;
				TARGETED_DEVICE_FAMILY = "1,2";
				TEST_TARGET_NAME = TurkcellFinal;
			};
			name = Debug;
		};
		DEB3CFCC2C08D7BB00002729 /* Release */ = {
			isa = XCBuildConfiguration;
			buildSettings = {
				ALWAYS_EMBED_SWIFT_STANDARD_LIBRARIES = YES;
				CODE_SIGN_STYLE = Automatic;
				CURRENT_PROJECT_VERSION = 1;
				DEVELOPMENT_TEAM = ZY98G8GQD4;
				GENERATE_INFOPLIST_FILE = YES;
				MARKETING_VERSION = 1.0;
				PRODUCT_BUNDLE_IDENTIFIER = com.erkancosar.TurkcellFinalUITests;
				PRODUCT_NAME = "$(TARGET_NAME)";
				SWIFT_EMIT_LOC_STRINGS = NO;
				SWIFT_VERSION = 5.0;
				TARGETED_DEVICE_FAMILY = "1,2";
				TEST_TARGET_NAME = TurkcellFinal;
			};
			name = Release;
		};
/* End XCBuildConfiguration section */

/* Begin XCConfigurationList section */
		DEB3CF922C08D7B900002729 /* Build configuration list for PBXProject "TurkcellFinal" */ = {
			isa = XCConfigurationList;
			buildConfigurations = (
				DEB3CFC22C08D7BB00002729 /* Debug */,
				DEB3CFC32C08D7BB00002729 /* Release */,
			);
			defaultConfigurationIsVisible = 0;
			defaultConfigurationName = Release;
		};
		DEB3CFC42C08D7BB00002729 /* Build configuration list for PBXNativeTarget "TurkcellFinal" */ = {
			isa = XCConfigurationList;
			buildConfigurations = (
				DEB3CFC52C08D7BB00002729 /* Debug */,
				DEB3CFC62C08D7BB00002729 /* Release */,
			);
			defaultConfigurationIsVisible = 0;
			defaultConfigurationName = Release;
		};
		DEB3CFC72C08D7BB00002729 /* Build configuration list for PBXNativeTarget "TurkcellFinalTests" */ = {
			isa = XCConfigurationList;
			buildConfigurations = (
				DEB3CFC82C08D7BB00002729 /* Debug */,
				DEB3CFC92C08D7BB00002729 /* Release */,
			);
			defaultConfigurationIsVisible = 0;
			defaultConfigurationName = Release;
		};
		DEB3CFCA2C08D7BB00002729 /* Build configuration list for PBXNativeTarget "TurkcellFinalUITests" */ = {
			isa = XCConfigurationList;
			buildConfigurations = (
				DEB3CFCB2C08D7BB00002729 /* Debug */,
				DEB3CFCC2C08D7BB00002729 /* Release */,
			);
			defaultConfigurationIsVisible = 0;
			defaultConfigurationName = Release;
		};
/* End XCConfigurationList section */

/* Begin XCVersionGroup section */
		DEB3CFA32C08D7B900002729 /* TurkcellFinal.xcdatamodeld */ = {
			isa = XCVersionGroup;
			children = (
				DEB3CFA42C08D7B900002729 /* TurkcellFinal.xcdatamodel */,
			);
			currentVersion = DEB3CFA42C08D7B900002729 /* TurkcellFinal.xcdatamodel */;
			path = TurkcellFinal.xcdatamodeld;
			sourceTree = "<group>";
			versionGroupType = wrapper.xcdatamodel;
		};
/* End XCVersionGroup section */
	};
	rootObject = DEB3CF8F2C08D7B900002729 /* Project object */;
}
